
Microsoft Visual Studio Solution File, Format Version 12.00
# Visual Studio Version 17
VisualStudioVersion = 17.14.36623.8 d17.14
MinimumVisualStudioVersion = 10.0.40219.1
Project("{2150E333-8FDC-42A3-9474-1A3956D46DE8}") = "Task0", "Task0", "{02EA681E-C7D8-13C7-8484-4AC65E1B71E8}"
EndProject
Project("{FAE04EC0-301F-11D3-BF4B-00C04F79EFBC}") = "Tyuiu.VashumirskayaEV.Sprint4.Task0.V11", "Tyuiu.VashumirskayaEV.Sprint4.Task0.V11\Tyuiu.VashumirskayaEV.Sprint4.Task0.V11.csproj", "{88A93222-C619-45EA-80AA-ED9A176FAAD3}"
EndProject
Project("{FAE04EC0-301F-11D3-BF4B-00C04F79EFBC}") = "Tyuiu.VashumirskayaEV.Sprint4.Task0.V11.Lib", "Tyuiu.VashumirskayaEV.Sprint4.Task0.V11.Lib\Tyuiu.VashumirskayaEV.Sprint4.Task0.V11.Lib.csproj", "{5C5EE315-CA47-41B4-B67E-8DE260DE710D}"
EndProject
Project("{FAE04EC0-301F-11D3-BF4B-00C04F79EFBC}") = "Tyuiu.VashumirskayaEV.Sprint4.Task0.V11.Test", "Tyuiu.VashumirskayaEV.Sprint4.Task0.V11.Test\Tyuiu.VashumirskayaEV.Sprint4.Task0.V11.Test.csproj", "{28B2800F-777F-427F-827D-D9C63AAD0F59}"
EndProject
Project("{2150E333-8FDC-42A3-9474-1A3956D46DE8}") = "Task1", "Task1", "{AE4F57CF-1C0F-4C0F-9188-B4AC5BCA55E8}"
EndProject
Project("{FAE04EC0-301F-11D3-BF4B-00C04F79EFBC}") = "Tyuiu.VashumirskayaEV.Sprint4.Task1.V9", "Tyuiu.VashumirskayaEV.Sprint4.Task1.V9\Tyuiu.VashumirskayaEV.Sprint4.Task1.V9.csproj", "{980A19C6-F18D-445E-B9B0-B8B421424D7A}"
EndProject
Project("{FAE04EC0-301F-11D3-BF4B-00C04F79EFBC}") = "Tyuiu.VashumirskayaEV.Sprint4.Task1.V9.Lib", "Tyuiu.VashumirskayaEV.Sprint4.Task1.V9.Lib\Tyuiu.VashumirskayaEV.Sprint4.Task1.V9.Lib.csproj", "{89736029-8E73-4A1B-AFBA-7D8F5EA92EC3}"
EndProject
Project("{FAE04EC0-301F-11D3-BF4B-00C04F79EFBC}") = "Tyuiu.VashumirskayaEV.Sprint4.Task1.V9.Test", "Tyuiu.VashumirskayaEV.Sprint4.Task1.V9.Test\Tyuiu.VashumirskayaEV.Sprint4.Task1.V9.Test.csproj", "{976C33BE-3F2A-4401-86E1-037E642FA2B6}"
EndProject
Project("{2150E333-8FDC-42A3-9474-1A3956D46DE8}") = "Task2", "Task2", "{1E2C82CA-987C-4088-B504-22D94B3F8561}"
EndProject
Project("{FAE04EC0-301F-11D3-BF4B-00C04F79EFBC}") = "Tyuiu.VashumirskayaEV.Sprint4.Task2.V4", "Tyuiu.VashumirskayaEV.Sprint4.Task2.V4\Tyuiu.VashumirskayaEV.Sprint4.Task2.V4.csproj", "{664EFFB4-6034-4D5A-9DEF-B7FEC2C9A26B}"
EndProject
Project("{FAE04EC0-301F-11D3-BF4B-00C04F79EFBC}") = "Tyuiu.VashumirskayaEV.Sprint4.Task2.V4.Lib", "Tyuiu.VashumirskayaEV.Sprint4.Task2.V4.Lib\Tyuiu.VashumirskayaEV.Sprint4.Task2.V4.Lib.csproj", "{672FC68F-AA89-40E2-B84D-6565F7E7D3A6}"
EndProject
Project("{FAE04EC0-301F-11D3-BF4B-00C04F79EFBC}") = "Tyuiu.VashumirskayaEV.Sprint4.Task2.V4.Test", "Tyuiu.VashumirskayaEV.Sprint4.Task2.V4.Test\Tyuiu.VashumirskayaEV.Sprint4.Task2.V4.Test.csproj", "{E7D9B426-4424-4518-86CC-0A46E359E1C5}"
EndProject
Project("{2150E333-8FDC-42A3-9474-1A3956D46DE8}") = "Task3", "Task3", "{114BBAFD-EEE3-42AF-B900-8CB920E32810}"
EndProject
Project("{FAE04EC0-301F-11D3-BF4B-00C04F79EFBC}") = "Tyuiu.VashumirskayaEV.Sprint4.Task3.V22", "Tyuiu.VashumirskayaEV.Sprint4.Task3.V22\Tyuiu.VashumirskayaEV.Sprint4.Task3.V22.csproj", "{C88DDA72-8543-4D0B-BDA7-6612805261D1}"
EndProject
Project("{FAE04EC0-301F-11D3-BF4B-00C04F79EFBC}") = "Tyuiu.VashumirskayaEV.Sprint4.Task3.V22.Lib", "Tyuiu.VashumirskayaEV.Sprint4.Task3.V22.Lib\Tyuiu.VashumirskayaEV.Sprint4.Task3.V22.Lib.csproj", "{7556BCD7-6906-4861-9E72-090D53B9BB5A}"
EndProject
Project("{FAE04EC0-301F-11D3-BF4B-00C04F79EFBC}") = "Tyuiu.VashumirskayaEV.Sprint4.Task3.V22.Test", "Tyuiu.VashumirskayaEV.Sprint4.Task3.V22.Test\Tyuiu.VashumirskayaEV.Sprint4.Task3.V22.Test.csproj", "{779B6DDD-2189-4782-BF9A-63182F3C082C}"
EndProject
Project("{2150E333-8FDC-42A3-9474-1A3956D46DE8}") = "Task4", "Task4", "{64FF1AAB-85E5-46F0-9A89-FE9720BE6AD1}"
EndProject
Project("{FAE04EC0-301F-11D3-BF4B-00C04F79EFBC}") = "Tyuiu.VashumirskayaEV.Sprint4.Task4.V26", "Tyuiu.VashumirskayaEV.Sprint4.Task4.V26\Tyuiu.VashumirskayaEV.Sprint4.Task4.V26.csproj", "{A5241539-3E59-41E7-BD91-58F4B4527C9D}"
EndProject
Project("{FAE04EC0-301F-11D3-BF4B-00C04F79EFBC}") = "Tyuiu.VashumirskayaEV.Sprint4.Task4.V26.Lib", "Tyuiu.VashumirskayaEV.Sprint4.Task4.V26.Lib\Tyuiu.VashumirskayaEV.Sprint4.Task4.V26.Lib.csproj", "{0D830868-809C-4F59-AAC1-148F8C550E37}"
EndProject
Project("{FAE04EC0-301F-11D3-BF4B-00C04F79EFBC}") = "Tyuiu.VashumirskayaEV.Sprint4.Task4.V26.Test", "Tyuiu.VashumirskayaEV.Sprint4.Task4.V26.Test\Tyuiu.VashumirskayaEV.Sprint4.Task4.V26.Test.csproj", "{262A66BA-FFE8-46BE-9EE0-B4DDCEF2EBFA}"
EndProject
Global
	GlobalSection(SolutionConfigurationPlatforms) = preSolution
		Debug|Any CPU = Debug|Any CPU
		Release|Any CPU = Release|Any CPU
	EndGlobalSection
	GlobalSection(ProjectConfigurationPlatforms) = postSolution
		{88A93222-C619-45EA-80AA-ED9A176FAAD3}.Debug|Any CPU.ActiveCfg = Debug|Any CPU
		{88A93222-C619-45EA-80AA-ED9A176FAAD3}.Debug|Any CPU.Build.0 = Debug|Any CPU
		{88A93222-C619-45EA-80AA-ED9A176FAAD3}.Release|Any CPU.ActiveCfg = Release|Any CPU
		{88A93222-C619-45EA-80AA-ED9A176FAAD3}.Release|Any CPU.Build.0 = Release|Any CPU
		{5C5EE315-CA47-41B4-B67E-8DE260DE710D}.Debug|Any CPU.ActiveCfg = Debug|Any CPU
		{5C5EE315-CA47-41B4-B67E-8DE260DE710D}.Debug|Any CPU.Build.0 = Debug|Any CPU
		{5C5EE315-CA47-41B4-B67E-8DE260DE710D}.Release|Any CPU.ActiveCfg = Release|Any CPU
		{5C5EE315-CA47-41B4-B67E-8DE260DE710D}.Release|Any CPU.Build.0 = Release|Any CPU
		{28B2800F-777F-427F-827D-D9C63AAD0F59}.Debug|Any CPU.ActiveCfg = Debug|Any CPU
		{28B2800F-777F-427F-827D-D9C63AAD0F59}.Debug|Any CPU.Build.0 = Debug|Any CPU
		{28B2800F-777F-427F-827D-D9C63AAD0F59}.Release|Any CPU.ActiveCfg = Release|Any CPU
		{28B2800F-777F-427F-827D-D9C63AAD0F59}.Release|Any CPU.Build.0 = Release|Any CPU
		{980A19C6-F18D-445E-B9B0-B8B421424D7A}.Debug|Any CPU.ActiveCfg = Debug|Any CPU
		{980A19C6-F18D-445E-B9B0-B8B421424D7A}.Debug|Any CPU.Build.0 = Debug|Any CPU
		{980A19C6-F18D-445E-B9B0-B8B421424D7A}.Release|Any CPU.ActiveCfg = Release|Any CPU
		{980A19C6-F18D-445E-B9B0-B8B421424D7A}.Release|Any CPU.Build.0 = Release|Any CPU
		{89736029-8E73-4A1B-AFBA-7D8F5EA92EC3}.Debug|Any CPU.ActiveCfg = Debug|Any CPU
		{89736029-8E73-4A1B-AFBA-7D8F5EA92EC3}.Debug|Any CPU.Build.0 = Debug|Any CPU
		{89736029-8E73-4A1B-AFBA-7D8F5EA92EC3}.Release|Any CPU.ActiveCfg = Release|Any CPU
		{89736029-8E73-4A1B-AFBA-7D8F5EA92EC3}.Release|Any CPU.Build.0 = Release|Any CPU
		{976C33BE-3F2A-4401-86E1-037E642FA2B6}.Debug|Any CPU.ActiveCfg = Debug|Any CPU
		{976C33BE-3F2A-4401-86E1-037E642FA2B6}.Debug|Any CPU.Build.0 = Debug|Any CPU
		{976C33BE-3F2A-4401-86E1-037E642FA2B6}.Release|Any CPU.ActiveCfg = Release|Any CPU
		{976C33BE-3F2A-4401-86E1-037E642FA2B6}.Release|Any CPU.Build.0 = Release|Any CPU
		{664EFFB4-6034-4D5A-9DEF-B7FEC2C9A26B}.Debug|Any CPU.ActiveCfg = Debug|Any CPU
		{664EFFB4-6034-4D5A-9DEF-B7FEC2C9A26B}.Debug|Any CPU.Build.0 = Debug|Any CPU
		{664EFFB4-6034-4D5A-9DEF-B7FEC2C9A26B}.Release|Any CPU.ActiveCfg = Release|Any CPU
		{664EFFB4-6034-4D5A-9DEF-B7FEC2C9A26B}.Release|Any CPU.Build.0 = Release|Any CPU
		{672FC68F-AA89-40E2-B84D-6565F7E7D3A6}.Debug|Any CPU.ActiveCfg = Debug|Any CPU
		{672FC68F-AA89-40E2-B84D-6565F7E7D3A6}.Debug|Any CPU.Build.0 = Debug|Any CPU
		{672FC68F-AA89-40E2-B84D-6565F7E7D3A6}.Release|Any CPU.ActiveCfg = Release|Any CPU
		{672FC68F-AA89-40E2-B84D-6565F7E7D3A6}.Release|Any CPU.Build.0 = Release|Any CPU
		{E7D9B426-4424-4518-86CC-0A46E359E1C5}.Debug|Any CPU.ActiveCfg = Debug|Any CPU
		{E7D9B426-4424-4518-86CC-0A46E359E1C5}.Debug|Any CPU.Build.0 = Debug|Any CPU
		{E7D9B426-4424-4518-86CC-0A46E359E1C5}.Release|Any CPU.ActiveCfg = Release|Any CPU
		{E7D9B426-4424-4518-86CC-0A46E359E1C5}.Release|Any CPU.Build.0 = Release|Any CPU
		{C88DDA72-8543-4D0B-BDA7-6612805261D1}.Debug|Any CPU.ActiveCfg = Debug|Any CPU
		{C88DDA72-8543-4D0B-BDA7-6612805261D1}.Debug|Any CPU.Build.0 = Debug|Any CPU
		{C88DDA72-8543-4D0B-BDA7-6612805261D1}.Release|Any CPU.ActiveCfg = Release|Any CPU
		{C88DDA72-8543-4D0B-BDA7-6612805261D1}.Release|Any CPU.Build.0 = Release|Any CPU
		{7556BCD7-6906-4861-9E72-090D53B9BB5A}.Debug|Any CPU.ActiveCfg = Debug|Any CPU
		{7556BCD7-6906-4861-9E72-090D53B9BB5A}.Debug|Any CPU.Build.0 = Debug|Any CPU
		{7556BCD7-6906-4861-9E72-090D53B9BB5A}.Release|Any CPU.ActiveCfg = Release|Any CPU
		{7556BCD7-6906-4861-9E72-090D53B9BB5A}.Release|Any CPU.Build.0 = Release|Any CPU
		{779B6DDD-2189-4782-BF9A-63182F3C082C}.Debug|Any CPU.ActiveCfg = Debug|Any CPU
		{779B6DDD-2189-4782-BF9A-63182F3C082C}.Debug|Any CPU.Build.0 = Debug|Any CPU
		{779B6DDD-2189-4782-BF9A-63182F3C082C}.Release|Any CPU.ActiveCfg = Release|Any CPU
		{779B6DDD-2189-4782-BF9A-63182F3C082C}.Release|Any CPU.Build.0 = Release|Any CPU
		{A5241539-3E59-41E7-BD91-58F4B4527C9D}.Debug|Any CPU.ActiveCfg = Debug|Any CPU
		{A5241539-3E59-41E7-BD91-58F4B4527C9D}.Debug|Any CPU.Build.0 = Debug|Any CPU
		{A5241539-3E59-41E7-BD91-58F4B4527C9D}.Release|Any CPU.ActiveCfg = Release|Any CPU
		{A5241539-3E59-41E7-BD91-58F4B4527C9D}.Release|Any CPU.Build.0 = Release|Any CPU
		{0D830868-809C-4F59-AAC1-148F8C550E37}.Debug|Any CPU.ActiveCfg = Debug|Any CPU
		{0D830868-809C-4F59-AAC1-148F8C550E37}.Debug|Any CPU.Build.0 = Debug|Any CPU
		{0D830868-809C-4F59-AAC1-148F8C550E37}.Release|Any CPU.ActiveCfg = Release|Any CPU
		{0D830868-809C-4F59-AAC1-148F8C550E37}.Release|Any CPU.Build.0 = Release|Any CPU
		{262A66BA-FFE8-46BE-9EE0-B4DDCEF2EBFA}.Debug|Any CPU.ActiveCfg = Debug|Any CPU
		{262A66BA-FFE8-46BE-9EE0-B4DDCEF2EBFA}.Debug|Any CPU.Build.0 = Debug|Any CPU
		{262A66BA-FFE8-46BE-9EE0-B4DDCEF2EBFA}.Release|Any CPU.ActiveCfg = Release|Any CPU
		{262A66BA-FFE8-46BE-9EE0-B4DDCEF2EBFA}.Release|Any CPU.Build.0 = Release|Any CPU
	EndGlobalSection
	GlobalSection(SolutionProperties) = preSolution
		HideSolutionNode = FALSE
	EndGlobalSection
	GlobalSection(NestedProjects) = preSolution
		{88A93222-C619-45EA-80AA-ED9A176FAAD3} = {02EA681E-C7D8-13C7-8484-4AC65E1B71E8}
		{5C5EE315-CA47-41B4-B67E-8DE260DE710D} = {02EA681E-C7D8-13C7-8484-4AC65E1B71E8}
		{28B2800F-777F-427F-827D-D9C63AAD0F59} = {02EA681E-C7D8-13C7-8484-4AC65E1B71E8}
		{980A19C6-F18D-445E-B9B0-B8B421424D7A} = {AE4F57CF-1C0F-4C0F-9188-B4AC5BCA55E8}
		{89736029-8E73-4A1B-AFBA-7D8F5EA92EC3} = {AE4F57CF-1C0F-4C0F-9188-B4AC5BCA55E8}
		{976C33BE-3F2A-4401-86E1-037E642FA2B6} = {AE4F57CF-1C0F-4C0F-9188-B4AC5BCA55E8}
		{664EFFB4-6034-4D5A-9DEF-B7FEC2C9A26B} = {1E2C82CA-987C-4088-B504-22D94B3F8561}
		{672FC68F-AA89-40E2-B84D-6565F7E7D3A6} = {1E2C82CA-987C-4088-B504-22D94B3F8561}
		{E7D9B426-4424-4518-86CC-0A46E359E1C5} = {1E2C82CA-987C-4088-B504-22D94B3F8561}
		{C88DDA72-8543-4D0B-BDA7-6612805261D1} = {114BBAFD-EEE3-42AF-B900-8CB920E32810}
		{7556BCD7-6906-4861-9E72-090D53B9BB5A} = {114BBAFD-EEE3-42AF-B900-8CB920E32810}
		{779B6DDD-2189-4782-BF9A-63182F3C082C} = {114BBAFD-EEE3-42AF-B900-8CB920E32810}
		{A5241539-3E59-41E7-BD91-58F4B4527C9D} = {64FF1AAB-85E5-46F0-9A89-FE9720BE6AD1}
		{0D830868-809C-4F59-AAC1-148F8C550E37} = {64FF1AAB-85E5-46F0-9A89-FE9720BE6AD1}
		{262A66BA-FFE8-46BE-9EE0-B4DDCEF2EBFA} = {64FF1AAB-85E5-46F0-9A89-FE9720BE6AD1}
	EndGlobalSection
	GlobalSection(ExtensibilityGlobals) = postSolution
		SolutionGuid = {2DCED691-A506-48CE-93F3-A9A7D5DFD499}
	EndGlobalSection
EndGlobal
